
Microsoft Visual Studio Solution File, Format Version 12.00
# Visual Studio Version 16
VisualStudioVersion = 16.0.31702.278
MinimumVisualStudioVersion = 10.0.40219.1
Project("{FAE04EC0-301F-11D3-BF4B-00C04F79EFBC}") = "Escritura-Archivos T2", "Escritura-Archivos T2\Escritura-Archivos T2.csproj", "{D0064412-645C-48D3-9D4C-3A42E3A193FD}"
EndProject
Global
	GlobalSection(SolutionConfigurationPlatforms) = preSolution
		Debug|Any CPU = Debug|Any CPU
		Release|Any CPU = Release|Any CPU
	EndGlobalSection
	GlobalSection(ProjectConfigurationPlatforms) = postSolution
		{D0064412-645C-48D3-9D4C-3A42E3A193FD}.Debug|Any CPU.ActiveCfg = Debug|Any CPU
		{D0064412-645C-48D3-9D4C-3A42E3A193FD}.Debug|Any CPU.Build.0 = Debug|Any CPU
		{D0064412-645C-48D3-9D4C-3A42E3A193FD}.Release|Any CPU.ActiveCfg = Release|Any CPU
		{D0064412-645C-48D3-9D4C-3A42E3A193FD}.Release|Any CPU.Build.0 = Release|Any CPU
	EndGlobalSection
	GlobalSection(SolutionProperties) = preSolution
		HideSolutionNode = FALSE
	EndGlobalSection
	GlobalSection(ExtensibilityGlobals) = postSolution
		SolutionGuid = {D8FEA1D7-0E91-4E04-950C-746A76955755}
	EndGlobalSection
EndGlobal
